
Microsoft Visual Studio Solution File, Format Version 12.00
# Visual Studio Version 16
VisualStudioVersion = 16.0.28803.202
MinimumVisualStudioVersion = 10.0.40219.1
Project("{FAE04EC0-301F-11D3-BF4B-00C04F79EFBC}") = "pr5", "pr5.csproj", "{7414F13B-69D2-443E-990B-B40BC5F521EC}"
EndProject
Global
	GlobalSection(SolutionConfigurationPlatforms) = preSolution
		Debug|Any CPU = Debug|Any CPU
		Release|Any CPU = Release|Any CPU
	EndGlobalSection
	GlobalSection(ProjectConfigurationPlatforms) = postSolution
		{7414F13B-69D2-443E-990B-B40BC5F521EC}.Debug|Any CPU.ActiveCfg = Debug|Any CPU
		{7414F13B-69D2-443E-990B-B40BC5F521EC}.Debug|Any CPU.Build.0 = Debug|Any CPU
		{7414F13B-69D2-443E-990B-B40BC5F521EC}.Release|Any CPU.ActiveCfg = Release|Any CPU
		{7414F13B-69D2-443E-990B-B40BC5F521EC}.Release|Any CPU.Build.0 = Release|Any CPU
	EndGlobalSection
	GlobalSection(SolutionProperties) = preSolution
		HideSolutionNode = FALSE
	EndGlobalSection
	GlobalSection(ExtensibilityGlobals) = postSolution
		SolutionGuid = {A1D278DB-1051-4D2D-BC5F-CD6C34AE3AEF}
	EndGlobalSection
EndGlobal
